
Microsoft Visual Studio Solution File, Format Version 12.00
# Visual Studio Version 16
VisualStudioVersion = 16.0.30907.101
MinimumVisualStudioVersion = 10.0.40219.1
Project("{FAE04EC0-301F-11D3-BF4B-00C04F79EFBC}") = "OOPTask11C", "OOPTask11C.csproj", "{C0734D03-F6D9-4E00-BB76-BC44D56FF6BD}"
EndProject
Global
	GlobalSection(SolutionConfigurationPlatforms) = preSolution
		Debug|Any CPU = Debug|Any CPU
		Release|Any CPU = Release|Any CPU
	EndGlobalSection
	GlobalSection(ProjectConfigurationPlatforms) = postSolution
		{C0734D03-F6D9-4E00-BB76-BC44D56FF6BD}.Debug|Any CPU.ActiveCfg = Debug|Any CPU
		{C0734D03-F6D9-4E00-BB76-BC44D56FF6BD}.Debug|Any CPU.Build.0 = Debug|Any CPU
		{C0734D03-F6D9-4E00-BB76-BC44D56FF6BD}.Release|Any CPU.ActiveCfg = Release|Any CPU
		{C0734D03-F6D9-4E00-BB76-BC44D56FF6BD}.Release|Any CPU.Build.0 = Release|Any CPU
	EndGlobalSection
	GlobalSection(SolutionProperties) = preSolution
		HideSolutionNode = FALSE
	EndGlobalSection
	GlobalSection(ExtensibilityGlobals) = postSolution
		SolutionGuid = {7C462483-BF3D-42EE-A5D9-3E70FE27B305}
	EndGlobalSection
EndGlobal
